// !$*UTF8*$!
{
	archiveVersion = 1;
	classes = {
	};
	objectVersion = 46;
	objects = {

/* Begin PBXBuildFile section */
		1FC560B986EEF771B7BE731C /* Pods_localtrucks_dev.framework in Frameworks */ = {isa = PBXBuildFile; fileRef = 7CA6976980353C9F60A1D0E9 /* Pods_localtrucks_dev.framework */; };
		DC266F4E220FE1AB00317A3F /* AppDelegate.swift in Sources */ = {isa = PBXBuildFile; fileRef = DC266F4D220FE1AB00317A3F /* AppDelegate.swift */; };
		DC266F50220FE1AB00317A3F /* ViewController.swift in Sources */ = {isa = PBXBuildFile; fileRef = DC266F4F220FE1AB00317A3F /* ViewController.swift */; };
		DC266F53220FE1AB00317A3F /* Main.storyboard in Resources */ = {isa = PBXBuildFile; fileRef = DC266F51220FE1AB00317A3F /* Main.storyboard */; };
		DC266F55220FE1AB00317A3F /* Assets.xcassets in Resources */ = {isa = PBXBuildFile; fileRef = DC266F54220FE1AB00317A3F /* Assets.xcassets */; };
		DC266F58220FE1AB00317A3F /* LaunchScreen.storyboard in Resources */ = {isa = PBXBuildFile; fileRef = DC266F56220FE1AB00317A3F /* LaunchScreen.storyboard */; };
		DC571D8722105DF80028FDF4 /* GradientView.swift in Sources */ = {isa = PBXBuildFile; fileRef = DC571D8622105DF80028FDF4 /* GradientView.swift */; };
/* End PBXBuildFile section */

/* Begin PBXFileReference section */
		1BC68CE32E0262AFDA99BE12 /* Pods-localtrucks-dev.release.xcconfig */ = {isa = PBXFileReference; includeInIndex = 1; lastKnownFileType = text.xcconfig; name = "Pods-localtrucks-dev.release.xcconfig"; path = "Target Support Files/Pods-localtrucks-dev/Pods-localtrucks-dev.release.xcconfig"; sourceTree = "<group>"; };
		6E750CEDAE83565CA25F21B3 /* Pods-localtrucks-dev.debug.xcconfig */ = {isa = PBXFileReference; includeInIndex = 1; lastKnownFileType = text.xcconfig; name = "Pods-localtrucks-dev.debug.xcconfig"; path = "Target Support Files/Pods-localtrucks-dev/Pods-localtrucks-dev.debug.xcconfig"; sourceTree = "<group>"; };
		7CA6976980353C9F60A1D0E9 /* Pods_localtrucks_dev.framework */ = {isa = PBXFileReference; explicitFileType = wrapper.framework; includeInIndex = 0; path = Pods_localtrucks_dev.framework; sourceTree = BUILT_PRODUCTS_DIR; };
		DC266F4A220FE1AB00317A3F /* localtrucks-dev.app */ = {isa = PBXFileReference; explicitFileType = wrapper.application; includeInIndex = 0; path = "localtrucks-dev.app"; sourceTree = BUILT_PRODUCTS_DIR; };
		DC266F4D220FE1AB00317A3F /* AppDelegate.swift */ = {isa = PBXFileReference; lastKnownFileType = sourcecode.swift; path = AppDelegate.swift; sourceTree = "<group>"; };
		DC266F4F220FE1AB00317A3F /* ViewController.swift */ = {isa = PBXFileReference; lastKnownFileType = sourcecode.swift; path = ViewController.swift; sourceTree = "<group>"; };
		DC266F52220FE1AB00317A3F /* Base */ = {isa = PBXFileReference; lastKnownFileType = file.storyboard; name = Base; path = Base.lproj/Main.storyboard; sourceTree = "<group>"; };
		DC266F54220FE1AB00317A3F /* Assets.xcassets */ = {isa = PBXFileReference; lastKnownFileType = folder.assetcatalog; path = Assets.xcassets; sourceTree = "<group>"; };
		DC266F57220FE1AB00317A3F /* Base */ = {isa = PBXFileReference; lastKnownFileType = file.storyboard; name = Base; path = Base.lproj/LaunchScreen.storyboard; sourceTree = "<group>"; };
		DC266F59220FE1AB00317A3F /* Info.plist */ = {isa = PBXFileReference; lastKnownFileType = text.plist.xml; path = Info.plist; sourceTree = "<group>"; };
		DC571D8622105DF80028FDF4 /* GradientView.swift */ = {isa = PBXFileReference; fileEncoding = 4; lastKnownFileType = sourcecode.swift; path = GradientView.swift; sourceTree = "<group>"; };
/* End PBXFileReference section */

/* Begin PBXFrameworksBuildPhase section */
		DC266F47220FE1AA00317A3F /* Frameworks */ = {
			isa = PBXFrameworksBuildPhase;
			buildActionMask = 2147483647;
			files = (
				1FC560B986EEF771B7BE731C /* Pods_localtrucks_dev.framework in Frameworks */,
			);
			runOnlyForDeploymentPostprocessing = 0;
		};
/* End PBXFrameworksBuildPhase section */

/* Begin PBXGroup section */
		0D0D8441DF6B5A61580B7DFA /* Frameworks */ = {
			isa = PBXGroup;
			children = (
				7CA6976980353C9F60A1D0E9 /* Pods_localtrucks_dev.framework */,
			);
			name = Frameworks;
			sourceTree = "<group>";
		};
		DBBEEEC9A52E044A4FFC5B3E /* Pods */ = {
			isa = PBXGroup;
			children = (
				6E750CEDAE83565CA25F21B3 /* Pods-localtrucks-dev.debug.xcconfig */,
				1BC68CE32E0262AFDA99BE12 /* Pods-localtrucks-dev.release.xcconfig */,
			);
			path = Pods;
			sourceTree = "<group>";
		};
		DC266F41220FE1AA00317A3F = {
			isa = PBXGroup;
			children = (
				DC266F4C220FE1AB00317A3F /* localtrucks-dev */,
				DC266F4B220FE1AB00317A3F /* Products */,
				DBBEEEC9A52E044A4FFC5B3E /* Pods */,
				0D0D8441DF6B5A61580B7DFA /* Frameworks */,
			);
			sourceTree = "<group>";
		};
		DC266F4B220FE1AB00317A3F /* Products */ = {
			isa = PBXGroup;
			children = (
				DC266F4A220FE1AB00317A3F /* localtrucks-dev.app */,
			);
			name = Products;
			sourceTree = "<group>";
		};
		DC266F4C220FE1AB00317A3F /* localtrucks-dev */ = {
			isa = PBXGroup;
			children = (
				DC571D8522105D800028FDF4 /* Model */,
				DC571D8322105D660028FDF4 /* View */,
				DC571D8422105D720028FDF4 /* Controller */,
				DC266F4D220FE1AB00317A3F /* AppDelegate.swift */,
				DC266F4F220FE1AB00317A3F /* ViewController.swift */,
				DC266F51220FE1AB00317A3F /* Main.storyboard */,
				DC266F54220FE1AB00317A3F /* Assets.xcassets */,
				DC266F56220FE1AB00317A3F /* LaunchScreen.storyboard */,
				DC266F59220FE1AB00317A3F /* Info.plist */,
			);
			path = "localtrucks-dev";
			sourceTree = "<group>";
		};
		DC571D8322105D660028FDF4 /* View */ = {
			isa = PBXGroup;
			children = (
				DC571D8622105DF80028FDF4 /* GradientView.swift */,
			);
			name = View;
			sourceTree = "<group>";
		};
		DC571D8422105D720028FDF4 /* Controller */ = {
			isa = PBXGroup;
			children = (
			);
			name = Controller;
			sourceTree = "<group>";
		};
		DC571D8522105D800028FDF4 /* Model */ = {
			isa = PBXGroup;
			children = (
			);
			name = Model;
			sourceTree = "<group>";
		};
/* End PBXGroup section */

/* Begin PBXNativeTarget section */
		DC266F49220FE1AA00317A3F /* localtrucks-dev */ = {
			isa = PBXNativeTarget;
			buildConfigurationList = DC266F5C220FE1AB00317A3F /* Build configuration list for PBXNativeTarget "localtrucks-dev" */;
			buildPhases = (
				52F6EAFFDC95FA87E445AB97 /* [CP] Check Pods Manifest.lock */,
				DC266F46220FE1AA00317A3F /* Sources */,
				DC266F47220FE1AA00317A3F /* Frameworks */,
				DC266F48220FE1AA00317A3F /* Resources */,
				875580BB49191A3C51CB12FA /* [CP] Embed Pods Frameworks */,
			);
			buildRules = (
			);
			dependencies = (
			);
			name = "localtrucks-dev";
			productName = "localtrucks-dev";
			productReference = DC266F4A220FE1AB00317A3F /* localtrucks-dev.app */;
			productType = "com.apple.product-type.application";
		};
/* End PBXNativeTarget section */

/* Begin PBXProject section */
		DC266F42220FE1AA00317A3F /* Project object */ = {
			isa = PBXProject;
			attributes = {
				LastSwiftUpdateCheck = 0800;
				LastUpgradeCheck = 0800;
				ORGANIZATIONNAME = TimWheeler.com;
				TargetAttributes = {
					DC266F49220FE1AA00317A3F = {
						CreatedOnToolsVersion = 8.0;
						ProvisioningStyle = Automatic;
					};
				};
			};
			buildConfigurationList = DC266F45220FE1AA00317A3F /* Build configuration list for PBXProject "localtrucks-dev" */;
			compatibilityVersion = "Xcode 3.2";
			developmentRegion = English;
			hasScannedForEncodings = 0;
			knownRegions = (
				en,
				Base,
			);
			mainGroup = DC266F41220FE1AA00317A3F;
			productRefGroup = DC266F4B220FE1AB00317A3F /* Products */;
			projectDirPath = "";
			projectRoot = "";
			targets = (
				DC266F49220FE1AA00317A3F /* localtrucks-dev */,
			);
		};
/* End PBXProject section */

/* Begin PBXResourcesBuildPhase section */
		DC266F48220FE1AA00317A3F /* Resources */ = {
			isa = PBXResourcesBuildPhase;
			buildActionMask = 2147483647;
			files = (
				DC266F58220FE1AB00317A3F /* LaunchScreen.storyboard in Resources */,
				DC266F55220FE1AB00317A3F /* Assets.xcassets in Resources */,
				DC266F53220FE1AB00317A3F /* Main.storyboard in Resources */,
			);
			runOnlyForDeploymentPostprocessing = 0;
		};
/* End PBXResourcesBuildPhase section */

/* Begin PBXShellScriptBuildPhase section */
		52F6EAFFDC95FA87E445AB97 /* [CP] Check Pods Manifest.lock */ = {
			isa = PBXShellScriptBuildPhase;
			buildActionMask = 2147483647;
			files = (
			);
			inputPaths = (
				"${PODS_PODFILE_DIR_PATH}/Podfile.lock",
				"${PODS_ROOT}/Manifest.lock",
			);
			name = "[CP] Check Pods Manifest.lock";
			outputPaths = (
				"$(DERIVED_FILE_DIR)/Pods-localtrucks-dev-checkManifestLockResult.txt",
			);
			runOnlyForDeploymentPostprocessing = 0;
			shellPath = /bin/sh;
			shellScript = "diff \"${PODS_PODFILE_DIR_PATH}/Podfile.lock\" \"${PODS_ROOT}/Manifest.lock\" > /dev/null\nif [ $? != 0 ] ; then\n    # print error to STDERR\n    echo \"error: The sandbox is not in sync with the Podfile.lock. Run 'pod install' or update your CocoaPods installation.\" >&2\n    exit 1\nfi\n# This output is used by Xcode 'outputs' to avoid re-running this script phase.\necho \"SUCCESS\" > \"${SCRIPT_OUTPUT_FILE_0}\"\n";
			showEnvVarsInLog = 0;
		};
		875580BB49191A3C51CB12FA /* [CP] Embed Pods Frameworks */ = {
			isa = PBXShellScriptBuildPhase;
			buildActionMask = 2147483647;
			files = (
			);
			inputPaths = (
				"${PODS_ROOT}/Target Support Files/Pods-localtrucks-dev/Pods-localtrucks-dev-frameworks.sh",
				"${BUILT_PRODUCTS_DIR}/GTMSessionFetcher/GTMSessionFetcher.framework",
				"${BUILT_PRODUCTS_DIR}/GoogleUtilities/GoogleUtilities.framework",
				"${BUILT_PRODUCTS_DIR}/RevealingSplashView/RevealingSplashView.framework",
				"${BUILT_PRODUCTS_DIR}/leveldb-library/leveldb.framework",
				"${BUILT_PRODUCTS_DIR}/nanopb/nanopb.framework",
			);
			name = "[CP] Embed Pods Frameworks";
			outputPaths = (
				"${TARGET_BUILD_DIR}/${FRAMEWORKS_FOLDER_PATH}/GTMSessionFetcher.framework",
				"${TARGET_BUILD_DIR}/${FRAMEWORKS_FOLDER_PATH}/GoogleUtilities.framework",
				"${TARGET_BUILD_DIR}/${FRAMEWORKS_FOLDER_PATH}/RevealingSplashView.framework",
				"${TARGET_BUILD_DIR}/${FRAMEWORKS_FOLDER_PATH}/leveldb.framework",
				"${TARGET_BUILD_DIR}/${FRAMEWORKS_FOLDER_PATH}/nanopb.framework",
			);
			runOnlyForDeploymentPostprocessing = 0;
			shellPath = /bin/sh;
			shellScript = "\"${PODS_ROOT}/Target Support Files/Pods-localtrucks-dev/Pods-localtrucks-dev-frameworks.sh\"\n";
			showEnvVarsInLog = 0;
		};
/* End PBXShellScriptBuildPhase section */

/* Begin PBXSourcesBuildPhase section */
		DC266F46220FE1AA00317A3F /* Sources */ = {
			isa = PBXSourcesBuildPhase;
			buildActionMask = 2147483647;
			files = (
				DC266F50220FE1AB00317A3F /* ViewController.swift in Sources */,
				DC266F4E220FE1AB00317A3F /* AppDelegate.swift in Sources */,
				DC571D8722105DF80028FDF4 /* GradientView.swift in Sources */,
			);
			runOnlyForDeploymentPostprocessing = 0;
		};
/* End PBXSourcesBuildPhase section */

/* Begin PBXVariantGroup section */
		DC266F51220FE1AB00317A3F /* Main.storyboard */ = {
			isa = PBXVariantGroup;
			children = (
				DC266F52220FE1AB00317A3F /* Base */,
			);
			name = Main.storyboard;
			sourceTree = "<group>";
		};
		DC266F56220FE1AB00317A3F /* LaunchScreen.storyboard */ = {
			isa = PBXVariantGroup;
			children = (
				DC266F57220FE1AB00317A3F /* Base */,
			);
			name = LaunchScreen.storyboard;
			sourceTree = "<group>";
		};
/* End PBXVariantGroup section */

/* Begin XCBuildConfiguration section */
		DC266F5A220FE1AB00317A3F /* Debug */ = {
			isa = XCBuildConfiguration;
			buildSettings = {
				ALWAYS_SEARCH_USER_PATHS = NO;
				CLANG_ANALYZER_NONNULL = YES;
				CLANG_CXX_LANGUAGE_STANDARD = "gnu++0x";
				CLANG_CXX_LIBRARY = "libc++";
				CLANG_ENABLE_MODULES = YES;
				CLANG_ENABLE_OBJC_ARC = YES;
				CLANG_WARN_BOOL_CONVERSION = YES;
				CLANG_WARN_CONSTANT_CONVERSION = YES;
				CLANG_WARN_DIRECT_OBJC_ISA_USAGE = YES_ERROR;
				CLANG_WARN_DOCUMENTATION_COMMENTS = YES;
				CLANG_WARN_EMPTY_BODY = YES;
				CLANG_WARN_ENUM_CONVERSION = YES;
				CLANG_WARN_INFINITE_RECURSION = YES;
				CLANG_WARN_INT_CONVERSION = YES;
				CLANG_WARN_OBJC_ROOT_CLASS = YES_ERROR;
				CLANG_WARN_SUSPICIOUS_MOVES = YES;
				CLANG_WARN_UNREACHABLE_CODE = YES;
				CLANG_WARN__DUPLICATE_METHOD_MATCH = YES;
				"CODE_SIGN_IDENTITY[sdk=iphoneos*]" = "iPhone Developer";
				COPY_PHASE_STRIP = NO;
				DEBUG_INFORMATION_FORMAT = dwarf;
				ENABLE_STRICT_OBJC_MSGSEND = YES;
				ENABLE_TESTABILITY = YES;
				GCC_C_LANGUAGE_STANDARD = gnu99;
				GCC_DYNAMIC_NO_PIC = NO;
				GCC_NO_COMMON_BLOCKS = YES;
				GCC_OPTIMIZATION_LEVEL = 0;
				GCC_PREPROCESSOR_DEFINITIONS = (
					"DEBUG=1",
					"$(inherited)",
				);
				GCC_WARN_64_TO_32_BIT_CONVERSION = YES;
				GCC_WARN_ABOUT_RETURN_TYPE = YES_ERROR;
				GCC_WARN_UNDECLARED_SELECTOR = YES;
				GCC_WARN_UNINITIALIZED_AUTOS = YES_AGGRESSIVE;
				GCC_WARN_UNUSED_FUNCTION = YES;
				GCC_WARN_UNUSED_VARIABLE = YES;
				IPHONEOS_DEPLOYMENT_TARGET = 10.0;
				MTL_ENABLE_DEBUG_INFO = YES;
				ONLY_ACTIVE_ARCH = YES;
				SDKROOT = iphoneos;
				SWIFT_ACTIVE_COMPILATION_CONDITIONS = DEBUG;
				SWIFT_OPTIMIZATION_LEVEL = "-Onone";
				TARGETED_DEVICE_FAMILY = "1,2";
			};
			name = Debug;
		};
		DC266F5B220FE1AB00317A3F /* Release */ = {
			isa = XCBuildConfiguration;
			buildSettings = {
				ALWAYS_SEARCH_USER_PATHS = NO;
				CLANG_ANALYZER_NONNULL = YES;
				CLANG_CXX_LANGUAGE_STANDARD = "gnu++0x";
				CLANG_CXX_LIBRARY = "libc++";
				CLANG_ENABLE_MODULES = YES;
				CLANG_ENABLE_OBJC_ARC = YES;
				CLANG_WARN_BOOL_CONVERSION = YES;
				CLANG_WARN_CONSTANT_CONVERSION = YES;
				CLANG_WARN_DIRECT_OBJC_ISA_USAGE = YES_ERROR;
				CLANG_WARN_DOCUMENTATION_COMMENTS = YES;
				CLANG_WARN_EMPTY_BODY = YES;
				CLANG_WARN_ENUM_CONVERSION = YES;
				CLANG_WARN_INFINITE_RECURSION = YES;
				CLANG_WARN_INT_CONVERSION = YES;
				CLANG_WARN_OBJC_ROOT_CLASS = YES_ERROR;
				CLANG_WARN_SUSPICIOUS_MOVES = YES;
				CLANG_WARN_UNREACHABLE_CODE = YES;
				CLANG_WARN__DUPLICATE_METHOD_MATCH = YES;
				"CODE_SIGN_IDENTITY[sdk=iphoneos*]" = "iPhone Developer";
				COPY_PHASE_STRIP = NO;
				DEBUG_INFORMATION_FORMAT = "dwarf-with-dsym";
				ENABLE_NS_ASSERTIONS = NO;
				ENABLE_STRICT_OBJC_MSGSEND = YES;
				GCC_C_LANGUAGE_STANDARD = gnu99;
				GCC_NO_COMMON_BLOCKS = YES;
				GCC_WARN_64_TO_32_BIT_CONVERSION = YES;
				GCC_WARN_ABOUT_RETURN_TYPE = YES_ERROR;
				GCC_WARN_UNDECLARED_SELECTOR = YES;
				GCC_WARN_UNINITIALIZED_AUTOS = YES_AGGRESSIVE;
				GCC_WARN_UNUSED_FUNCTION = YES;
				GCC_WARN_UNUSED_VARIABLE = YES;
				IPHONEOS_DEPLOYMENT_TARGET = 10.0;
				MTL_ENABLE_DEBUG_INFO = NO;
				SDKROOT = iphoneos;
				SWIFT_OPTIMIZATION_LEVEL = "-Owholemodule";
				TARGETED_DEVICE_FAMILY = "1,2";
				VALIDATE_PRODUCT = YES;
			};
			name = Release;
		};
		DC266F5D220FE1AB00317A3F /* Debug */ = {
			isa = XCBuildConfiguration;
			baseConfigurationReference = 6E750CEDAE83565CA25F21B3 /* Pods-localtrucks-dev.debug.xcconfig */;
			buildSettings = {
				ASSETCATALOG_COMPILER_APPICON_NAME = AppIcon;
				INFOPLIST_FILE = "localtrucks-dev/Info.plist";
				LD_RUNPATH_SEARCH_PATHS = "$(inherited) @executable_path/Frameworks";
				PRODUCT_BUNDLE_IDENTIFIER = "timwheeler.localtrucks-dev";
				PRODUCT_NAME = "$(TARGET_NAME)";
				SWIFT_VERSION = 3.0;
			};
			name = Debug;
		};
		DC266F5E220FE1AB00317A3F /* Release */ = {
			isa = XCBuildConfiguration;
			baseConfigurationReference = 1BC68CE32E0262AFDA99BE12 /* Pods-localtrucks-dev.release.xcconfig */;
			buildSettings = {
				ASSETCATALOG_COMPILER_APPICON_NAME = AppIcon;
				INFOPLIST_FILE = "localtrucks-dev/Info.plist";
				LD_RUNPATH_SEARCH_PATHS = "$(inherited) @executable_path/Frameworks";
				PRODUCT_BUNDLE_IDENTIFIER = "timwheeler.localtrucks-dev";
				PRODUCT_NAME = "$(TARGET_NAME)";
				SWIFT_VERSION = 3.0;
			};
			name = Release;
		};
/* End XCBuildConfiguration section */

/* Begin XCConfigurationList section */
		DC266F45220FE1AA00317A3F /* Build configuration list for PBXProject "localtrucks-dev" */ = {
			isa = XCConfigurationList;
			buildConfigurations = (
				DC266F5A220FE1AB00317A3F /* Debug */,
				DC266F5B220FE1AB00317A3F /* Release */,
			);
			defaultConfigurationIsVisible = 0;
			defaultConfigurationName = Release;
		};
		DC266F5C220FE1AB00317A3F /* Build configuration list for PBXNativeTarget "localtrucks-dev" */ = {
			isa = XCConfigurationList;
			buildConfigurations = (
				DC266F5D220FE1AB00317A3F /* Debug */,
				DC266F5E220FE1AB00317A3F /* Release */,
			);
			defaultConfigurationIsVisible = 0;
			defaultConfigurationName = Release;
		};
/* End XCConfigurationList section */
	};
	rootObject = DC266F42220FE1AA00317A3F /* Project object */;
}
